// !$*UTF8*$!
{
	archiveVersion = 1;
	classes = {
	};
	objectVersion = 56;
	objects = {

/* Begin PBXBuildFile section */
		4A2B85762BB0270C0039AD22 /* UIColor+TroveColor.m in Sources */ = {isa = PBXBuildFile; fileRef = 4A2B85752BB0270C0039AD22 /* UIColor+TroveColor.m */; };
		4A2B85792BB027720039AD22 /* TroveSettings.m in Sources */ = {isa = PBXBuildFile; fileRef = 4A2B85772BB027720039AD22 /* TroveSettings.m */; };
		4A37951E2BAA9ED800E400DB /* TroveBookCell.m in Sources */ = {isa = PBXBuildFile; fileRef = 4A37951D2BAA9ED800E400DB /* TroveBookCell.m */; };
		4A3795272BAAA94F00E400DB /* TroveMacro.m in Sources */ = {isa = PBXBuildFile; fileRef = 4A3795262BAAA94F00E400DB /* TroveMacro.m */; };
		4A37952A2BAAAACC00E400DB /* HistoryViewController.m in Sources */ = {isa = PBXBuildFile; fileRef = 4A3795292BAAAACC00E400DB /* HistoryViewController.m */; };
		4A6D50462BAA7FE3008F7298 /* AppDelegate.m in Sources */ = {isa = PBXBuildFile; fileRef = 4A6D50452BAA7FE3008F7298 /* AppDelegate.m */; };
		4A6D50492BAA7FE3008F7298 /* SceneDelegate.m in Sources */ = {isa = PBXBuildFile; fileRef = 4A6D50482BAA7FE3008F7298 /* SceneDelegate.m */; };
		4A6D504C2BAA7FE3008F7298 /* ViewController.m in Sources */ = {isa = PBXBuildFile; fileRef = 4A6D504B2BAA7FE3008F7298 /* ViewController.m */; };
		4A6D50512BAA7FE7008F7298 /* Assets.xcassets in Resources */ = {isa = PBXBuildFile; fileRef = 4A6D50502BAA7FE7008F7298 /* Assets.xcassets */; };
		4A6D50572BAA7FE7008F7298 /* main.m in Sources */ = {isa = PBXBuildFile; fileRef = 4A6D50562BAA7FE7008F7298 /* main.m */; };
		4A8614C02BAABA3C00BDF693 /* TroveBookModel.m in Sources */ = {isa = PBXBuildFile; fileRef = 4A8614BF2BAABA3C00BDF693 /* TroveBookModel.m */; };
		4A8614C32BAABA9E00BDF693 /* TroveRecordModel.m in Sources */ = {isa = PBXBuildFile; fileRef = 4A8614C22BAABA9E00BDF693 /* TroveRecordModel.m */; };
		4A8614C62BAABB9700BDF693 /* TroveStorage.m in Sources */ = {isa = PBXBuildFile; fileRef = 4A8614C52BAABB9700BDF693 /* TroveStorage.m */; };
		4A8614CC2BAABFE500BDF693 /* AddNewBookCell.m in Sources */ = {isa = PBXBuildFile; fileRef = 4A8614CB2BAABFE500BDF693 /* AddNewBookCell.m */; };
		4AD57BFA2BBD16F6009C9A4F /* AddBookViewController.m in Sources */ = {isa = PBXBuildFile; fileRef = 4AD57BF92BBD16F6009C9A4F /* AddBookViewController.m */; };
		4AD57BFD2BBD17A1009C9A4F /* ColorCollectionViewCell.m in Sources */ = {isa = PBXBuildFile; fileRef = 4AD57BFC2BBD17A1009C9A4F /* ColorCollectionViewCell.m */; };
		9C1C2654F8A141CFDB69A5E5 /* Pods_Trove.framework in Frameworks */ = {isa = PBXBuildFile; fileRef = DDEF260D28898925C4DBC851 /* Pods_Trove.framework */; };
/* End PBXBuildFile section */

/* Begin PBXFileReference section */
		371372246D8F2C8610E2581F /* Pods-Trove.debug.xcconfig */ = {isa = PBXFileReference; includeInIndex = 1; lastKnownFileType = text.xcconfig; name = "Pods-Trove.debug.xcconfig"; path = "Target Support Files/Pods-Trove/Pods-Trove.debug.xcconfig"; sourceTree = "<group>"; };
		4A2B85742BB0270C0039AD22 /* UIColor+TroveColor.h */ = {isa = PBXFileReference; fileEncoding = 4; lastKnownFileType = sourcecode.c.h; path = "UIColor+TroveColor.h"; sourceTree = "<group>"; };
		4A2B85752BB0270C0039AD22 /* UIColor+TroveColor.m */ = {isa = PBXFileReference; fileEncoding = 4; lastKnownFileType = sourcecode.c.objc; path = "UIColor+TroveColor.m"; sourceTree = "<group>"; };
		4A2B85772BB027720039AD22 /* TroveSettings.m */ = {isa = PBXFileReference; fileEncoding = 4; lastKnownFileType = sourcecode.c.objc; path = TroveSettings.m; sourceTree = "<group>"; };
		4A2B85782BB027720039AD22 /* TroveSettings.h */ = {isa = PBXFileReference; fileEncoding = 4; lastKnownFileType = sourcecode.c.h; path = TroveSettings.h; sourceTree = "<group>"; };
		4A37951C2BAA9ED800E400DB /* TroveBookCell.h */ = {isa = PBXFileReference; lastKnownFileType = sourcecode.c.h; path = TroveBookCell.h; sourceTree = "<group>"; };
		4A37951D2BAA9ED800E400DB /* TroveBookCell.m */ = {isa = PBXFileReference; lastKnownFileType = sourcecode.c.objc; path = TroveBookCell.m; sourceTree = "<group>"; };
		4A3795252BAAA94F00E400DB /* TroveMacro.h */ = {isa = PBXFileReference; lastKnownFileType = sourcecode.c.h; path = TroveMacro.h; sourceTree = "<group>"; };
		4A3795262BAAA94F00E400DB /* TroveMacro.m */ = {isa = PBXFileReference; lastKnownFileType = sourcecode.c.objc; path = TroveMacro.m; sourceTree = "<group>"; };
		4A3795282BAAAACC00E400DB /* HistoryViewController.h */ = {isa = PBXFileReference; lastKnownFileType = sourcecode.c.h; path = HistoryViewController.h; sourceTree = "<group>"; };
		4A3795292BAAAACC00E400DB /* HistoryViewController.m */ = {isa = PBXFileReference; lastKnownFileType = sourcecode.c.objc; path = HistoryViewController.m; sourceTree = "<group>"; };
		4A6D50412BAA7FE3008F7298 /* Trove.app */ = {isa = PBXFileReference; explicitFileType = wrapper.application; includeInIndex = 0; path = Trove.app; sourceTree = BUILT_PRODUCTS_DIR; };
		4A6D50442BAA7FE3008F7298 /* AppDelegate.h */ = {isa = PBXFileReference; lastKnownFileType = sourcecode.c.h; path = AppDelegate.h; sourceTree = "<group>"; };
		4A6D50452BAA7FE3008F7298 /* AppDelegate.m */ = {isa = PBXFileReference; lastKnownFileType = sourcecode.c.objc; path = AppDelegate.m; sourceTree = "<group>"; };
		4A6D50472BAA7FE3008F7298 /* SceneDelegate.h */ = {isa = PBXFileReference; lastKnownFileType = sourcecode.c.h; path = SceneDelegate.h; sourceTree = "<group>"; };
		4A6D50482BAA7FE3008F7298 /* SceneDelegate.m */ = {isa = PBXFileReference; lastKnownFileType = sourcecode.c.objc; path = SceneDelegate.m; sourceTree = "<group>"; };
		4A6D504A2BAA7FE3008F7298 /* ViewController.h */ = {isa = PBXFileReference; lastKnownFileType = sourcecode.c.h; path = ViewController.h; sourceTree = "<group>"; };
		4A6D504B2BAA7FE3008F7298 /* ViewController.m */ = {isa = PBXFileReference; lastKnownFileType = sourcecode.c.objc; path = ViewController.m; sourceTree = "<group>"; };
		4A6D50502BAA7FE7008F7298 /* Assets.xcassets */ = {isa = PBXFileReference; lastKnownFileType = folder.assetcatalog; path = Assets.xcassets; sourceTree = "<group>"; };
		4A6D50552BAA7FE7008F7298 /* Info.plist */ = {isa = PBXFileReference; lastKnownFileType = text.plist.xml; path = Info.plist; sourceTree = "<group>"; };
		4A6D50562BAA7FE7008F7298 /* main.m */ = {isa = PBXFileReference; lastKnownFileType = sourcecode.c.objc; path = main.m; sourceTree = "<group>"; };
		4A8614BE2BAABA3C00BDF693 /* TroveBookModel.h */ = {isa = PBXFileReference; lastKnownFileType = sourcecode.c.h; path = TroveBookModel.h; sourceTree = "<group>"; };
		4A8614BF2BAABA3C00BDF693 /* TroveBookModel.m */ = {isa = PBXFileReference; lastKnownFileType = sourcecode.c.objc; path = TroveBookModel.m; sourceTree = "<group>"; };
		4A8614C12BAABA9E00BDF693 /* TroveRecordModel.h */ = {isa = PBXFileReference; lastKnownFileType = sourcecode.c.h; path = TroveRecordModel.h; sourceTree = "<group>"; };
		4A8614C22BAABA9E00BDF693 /* TroveRecordModel.m */ = {isa = PBXFileReference; lastKnownFileType = sourcecode.c.objc; path = TroveRecordModel.m; sourceTree = "<group>"; };
		4A8614C42BAABB9700BDF693 /* TroveStorage.h */ = {isa = PBXFileReference; lastKnownFileType = sourcecode.c.h; path = TroveStorage.h; sourceTree = "<group>"; };
		4A8614C52BAABB9700BDF693 /* TroveStorage.m */ = {isa = PBXFileReference; lastKnownFileType = sourcecode.c.objc; path = TroveStorage.m; sourceTree = "<group>"; };
		4A8614CA2BAABFE500BDF693 /* AddNewBookCell.h */ = {isa = PBXFileReference; lastKnownFileType = sourcecode.c.h; path = AddNewBookCell.h; sourceTree = "<group>"; };
		4A8614CB2BAABFE500BDF693 /* AddNewBookCell.m */ = {isa = PBXFileReference; lastKnownFileType = sourcecode.c.objc; path = AddNewBookCell.m; sourceTree = "<group>"; };
		4AD57BF82BBD16F6009C9A4F /* AddBookViewController.h */ = {isa = PBXFileReference; lastKnownFileType = sourcecode.c.h; path = AddBookViewController.h; sourceTree = "<group>"; };
		4AD57BF92BBD16F6009C9A4F /* AddBookViewController.m */ = {isa = PBXFileReference; lastKnownFileType = sourcecode.c.objc; path = AddBookViewController.m; sourceTree = "<group>"; };
		4AD57BFB2BBD17A1009C9A4F /* ColorCollectionViewCell.h */ = {isa = PBXFileReference; lastKnownFileType = sourcecode.c.h; path = ColorCollectionViewCell.h; sourceTree = "<group>"; };
		4AD57BFC2BBD17A1009C9A4F /* ColorCollectionViewCell.m */ = {isa = PBXFileReference; lastKnownFileType = sourcecode.c.objc; path = ColorCollectionViewCell.m; sourceTree = "<group>"; };
		DDEF260D28898925C4DBC851 /* Pods_Trove.framework */ = {isa = PBXFileReference; explicitFileType = wrapper.framework; includeInIndex = 0; path = Pods_Trove.framework; sourceTree = BUILT_PRODUCTS_DIR; };
		DFB9B7F7E7B2E3BD573B0345 /* Pods-Trove.release.xcconfig */ = {isa = PBXFileReference; includeInIndex = 1; lastKnownFileType = text.xcconfig; name = "Pods-Trove.release.xcconfig"; path = "Target Support Files/Pods-Trove/Pods-Trove.release.xcconfig"; sourceTree = "<group>"; };
/* End PBXFileReference section */

/* Begin PBXFrameworksBuildPhase section */
		4A6D503E2BAA7FE3008F7298 /* Frameworks */ = {
			isa = PBXFrameworksBuildPhase;
			buildActionMask = 2147483647;
			files = (
				9C1C2654F8A141CFDB69A5E5 /* Pods_Trove.framework in Frameworks */,
			);
			runOnlyForDeploymentPostprocessing = 0;
		};
/* End PBXFrameworksBuildPhase section */

/* Begin PBXGroup section */
		424C19D2940FB2FF0222DD52 /* Pods */ = {
			isa = PBXGroup;
			children = (
				371372246D8F2C8610E2581F /* Pods-Trove.debug.xcconfig */,
				DFB9B7F7E7B2E3BD573B0345 /* Pods-Trove.release.xcconfig */,
			);
			path = Pods;
			sourceTree = "<group>";
		};
		4A3795192BAA9BE700E400DB /* TroveSetups */ = {
			isa = PBXGroup;
			children = (
				4A6D50442BAA7FE3008F7298 /* AppDelegate.h */,
				4A6D50452BAA7FE3008F7298 /* AppDelegate.m */,
				4A6D50472BAA7FE3008F7298 /* SceneDelegate.h */,
				4A6D50482BAA7FE3008F7298 /* SceneDelegate.m */,
				4A6D50562BAA7FE7008F7298 /* main.m */,
			);
			path = TroveSetups;
			sourceTree = "<group>";
		};
		4A37951A2BAA9C2300E400DB /* TroveBooks */ = {
			isa = PBXGroup;
			children = (
				4A6D504A2BAA7FE3008F7298 /* ViewController.h */,
				4A6D504B2BAA7FE3008F7298 /* ViewController.m */,
				4A37951C2BAA9ED800E400DB /* TroveBookCell.h */,
				4A37951D2BAA9ED800E400DB /* TroveBookCell.m */,
				4AD57BF72BBD16C5009C9A4F /* AddBook */,
			);
			path = TroveBooks;
			sourceTree = "<group>";
		};
		4A37951B2BAA9C5000E400DB /* TroveHistory */ = {
			isa = PBXGroup;
			children = (
				4A3795282BAAAACC00E400DB /* HistoryViewController.h */,
				4A3795292BAAAACC00E400DB /* HistoryViewController.m */,
			);
			path = TroveHistory;
			sourceTree = "<group>";
		};
		4A37951F2BAAA8CE00E400DB /* TroveCustomize */ = {
			isa = PBXGroup;
			children = (
				4A3795252BAAA94F00E400DB /* TroveMacro.h */,
				4A3795262BAAA94F00E400DB /* TroveMacro.m */,
				4A2B85782BB027720039AD22 /* TroveSettings.h */,
				4A2B85772BB027720039AD22 /* TroveSettings.m */,
				4A2B85742BB0270C0039AD22 /* UIColor+TroveColor.h */,
				4A2B85752BB0270C0039AD22 /* UIColor+TroveColor.m */,
			);
			path = TroveCustomize;
			sourceTree = "<group>";
		};
		4A6D50382BAA7FE3008F7298 = {
			isa = PBXGroup;
			children = (
				4A6D50432BAA7FE3008F7298 /* Trove */,
				4A6D50422BAA7FE3008F7298 /* Products */,
				424C19D2940FB2FF0222DD52 /* Pods */,
				A40B9D3B0D07CB5D8014CDB2 /* Frameworks */,
			);
			sourceTree = "<group>";
		};
		4A6D50422BAA7FE3008F7298 /* Products */ = {
			isa = PBXGroup;
			children = (
				4A6D50412BAA7FE3008F7298 /* Trove.app */,
			);
			name = Products;
			sourceTree = "<group>";
		};
		4A6D50432BAA7FE3008F7298 /* Trove */ = {
			isa = PBXGroup;
			children = (
				4A8614BD2BAAB99100BDF693 /* TroveData */,
				4A6D50552BAA7FE7008F7298 /* Info.plist */,
				4A6D50502BAA7FE7008F7298 /* Assets.xcassets */,
				4A37951F2BAAA8CE00E400DB /* TroveCustomize */,
				4A3795192BAA9BE700E400DB /* TroveSetups */,
				4A37951A2BAA9C2300E400DB /* TroveBooks */,
				4A37951B2BAA9C5000E400DB /* TroveHistory */,
			);
			path = Trove;
			sourceTree = "<group>";
		};
		4A8614BD2BAAB99100BDF693 /* TroveData */ = {
			isa = PBXGroup;
			children = (
				4A8614BE2BAABA3C00BDF693 /* TroveBookModel.h */,
				4A8614BF2BAABA3C00BDF693 /* TroveBookModel.m */,
				4A8614C12BAABA9E00BDF693 /* TroveRecordModel.h */,
				4A8614C22BAABA9E00BDF693 /* TroveRecordModel.m */,
				4A8614C42BAABB9700BDF693 /* TroveStorage.h */,
				4A8614C52BAABB9700BDF693 /* TroveStorage.m */,
			);
			path = TroveData;
			sourceTree = "<group>";
		};
		4AD57BF72BBD16C5009C9A4F /* AddBook */ = {
			isa = PBXGroup;
			children = (
				4A8614CA2BAABFE500BDF693 /* AddNewBookCell.h */,
				4A8614CB2BAABFE500BDF693 /* AddNewBookCell.m */,
				4AD57BF82BBD16F6009C9A4F /* AddBookViewController.h */,
				4AD57BF92BBD16F6009C9A4F /* AddBookViewController.m */,
				4AD57BFB2BBD17A1009C9A4F /* ColorCollectionViewCell.h */,
				4AD57BFC2BBD17A1009C9A4F /* ColorCollectionViewCell.m */,
			);
			path = AddBook;
			sourceTree = "<group>";
		};
		A40B9D3B0D07CB5D8014CDB2 /* Frameworks */ = {
			isa = PBXGroup;
			children = (
				DDEF260D28898925C4DBC851 /* Pods_Trove.framework */,
			);
			name = Frameworks;
			sourceTree = "<group>";
		};
/* End PBXGroup section */

/* Begin PBXNativeTarget section */
		4A6D50402BAA7FE3008F7298 /* Trove */ = {
			isa = PBXNativeTarget;
			buildConfigurationList = 4A6D505A2BAA7FE7008F7298 /* Build configuration list for PBXNativeTarget "Trove" */;
			buildPhases = (
				E111DB1F0019DBD9AB91ED38 /* [CP] Check Pods Manifest.lock */,
				4A6D503D2BAA7FE3008F7298 /* Sources */,
				4A6D503E2BAA7FE3008F7298 /* Frameworks */,
				4A6D503F2BAA7FE3008F7298 /* Resources */,
				23FE87213289D840448F7519 /* [CP] Embed Pods Frameworks */,
			);
			buildRules = (
			);
			dependencies = (
			);
			name = Trove;
			productName = Trove;
			productReference = 4A6D50412BAA7FE3008F7298 /* Trove.app */;
			productType = "com.apple.product-type.application";
		};
/* End PBXNativeTarget section */

/* Begin PBXProject section */
		4A6D50392BAA7FE3008F7298 /* Project object */ = {
			isa = PBXProject;
			attributes = {
				BuildIndependentTargetsInParallel = 1;
				LastUpgradeCheck = 1520;
				TargetAttributes = {
					4A6D50402BAA7FE3008F7298 = {
						CreatedOnToolsVersion = 15.2;
					};
				};
			};
			buildConfigurationList = 4A6D503C2BAA7FE3008F7298 /* Build configuration list for PBXProject "Trove" */;
			compatibilityVersion = "Xcode 14.0";
			developmentRegion = en;
			hasScannedForEncodings = 0;
			knownRegions = (
				en,
				Base,
			);
			mainGroup = 4A6D50382BAA7FE3008F7298;
			productRefGroup = 4A6D50422BAA7FE3008F7298 /* Products */;
			projectDirPath = "";
			projectRoot = "";
			targets = (
				4A6D50402BAA7FE3008F7298 /* Trove */,
			);
		};
/* End PBXProject section */

/* Begin PBXResourcesBuildPhase section */
		4A6D503F2BAA7FE3008F7298 /* Resources */ = {
			isa = PBXResourcesBuildPhase;
			buildActionMask = 2147483647;
			files = (
				4A6D50512BAA7FE7008F7298 /* Assets.xcassets in Resources */,
			);
			runOnlyForDeploymentPostprocessing = 0;
		};
/* End PBXResourcesBuildPhase section */

/* Begin PBXShellScriptBuildPhase section */
		23FE87213289D840448F7519 /* [CP] Embed Pods Frameworks */ = {
			isa = PBXShellScriptBuildPhase;
			buildActionMask = 2147483647;
			files = (
			);
			inputFileListPaths = (
				"${PODS_ROOT}/Target Support Files/Pods-Trove/Pods-Trove-frameworks-${CONFIGURATION}-input-files.xcfilelist",
			);
			name = "[CP] Embed Pods Frameworks";
			outputFileListPaths = (
				"${PODS_ROOT}/Target Support Files/Pods-Trove/Pods-Trove-frameworks-${CONFIGURATION}-output-files.xcfilelist",
			);
			runOnlyForDeploymentPostprocessing = 0;
			shellPath = /bin/sh;
			shellScript = "\"${PODS_ROOT}/Target Support Files/Pods-Trove/Pods-Trove-frameworks.sh\"\n";
			showEnvVarsInLog = 0;
		};
		E111DB1F0019DBD9AB91ED38 /* [CP] Check Pods Manifest.lock */ = {
			isa = PBXShellScriptBuildPhase;
			buildActionMask = 2147483647;
			files = (
			);
			inputFileListPaths = (
			);
			inputPaths = (
				"${PODS_PODFILE_DIR_PATH}/Podfile.lock",
				"${PODS_ROOT}/Manifest.lock",
			);
			name = "[CP] Check Pods Manifest.lock";
			outputFileListPaths = (
			);
			outputPaths = (
				"$(DERIVED_FILE_DIR)/Pods-Trove-checkManifestLockResult.txt",
			);
			runOnlyForDeploymentPostprocessing = 0;
			shellPath = /bin/sh;
			shellScript = "diff \"${PODS_PODFILE_DIR_PATH}/Podfile.lock\" \"${PODS_ROOT}/Manifest.lock\" > /dev/null\nif [ $? != 0 ] ; then\n    # print error to STDERR\n    echo \"error: The sandbox is not in sync with the Podfile.lock. Run 'pod install' or update your CocoaPods installation.\" >&2\n    exit 1\nfi\n# This output is used by Xcode 'outputs' to avoid re-running this script phase.\necho \"SUCCESS\" > \"${SCRIPT_OUTPUT_FILE_0}\"\n";
			showEnvVarsInLog = 0;
		};
/* End PBXShellScriptBuildPhase section */

/* Begin PBXSourcesBuildPhase section */
		4A6D503D2BAA7FE3008F7298 /* Sources */ = {
			isa = PBXSourcesBuildPhase;
			buildActionMask = 2147483647;
			files = (
				4A37951E2BAA9ED800E400DB /* TroveBookCell.m in Sources */,
				4A3795272BAAA94F00E400DB /* TroveMacro.m in Sources */,
				4A2B85762BB0270C0039AD22 /* UIColor+TroveColor.m in Sources */,
				4A8614C32BAABA9E00BDF693 /* TroveRecordModel.m in Sources */,
				4A6D504C2BAA7FE3008F7298 /* ViewController.m in Sources */,
				4AD57BFA2BBD16F6009C9A4F /* AddBookViewController.m in Sources */,
				4A8614C62BAABB9700BDF693 /* TroveStorage.m in Sources */,
				4A6D50462BAA7FE3008F7298 /* AppDelegate.m in Sources */,
				4A6D50572BAA7FE7008F7298 /* main.m in Sources */,
				4A37952A2BAAAACC00E400DB /* HistoryViewController.m in Sources */,
				4A2B85792BB027720039AD22 /* TroveSettings.m in Sources */,
				4A6D50492BAA7FE3008F7298 /* SceneDelegate.m in Sources */,
				4AD57BFD2BBD17A1009C9A4F /* ColorCollectionViewCell.m in Sources */,
				4A8614C02BAABA3C00BDF693 /* TroveBookModel.m in Sources */,
				4A8614CC2BAABFE500BDF693 /* AddNewBookCell.m in Sources */,
			);
			runOnlyForDeploymentPostprocessing = 0;
		};
/* End PBXSourcesBuildPhase section */

/* Begin XCBuildConfiguration section */
		4A6D50582BAA7FE7008F7298 /* Debug */ = {
			isa = XCBuildConfiguration;
			buildSettings = {
				ALWAYS_SEARCH_USER_PATHS = NO;
				ASSETCATALOG_COMPILER_GENERATE_SWIFT_ASSET_SYMBOL_EXTENSIONS = YES;
				CLANG_ANALYZER_NONNULL = YES;
				CLANG_ANALYZER_NUMBER_OBJECT_CONVERSION = YES_AGGRESSIVE;
				CLANG_CXX_LANGUAGE_STANDARD = "gnu++20";
				CLANG_ENABLE_MODULES = YES;
				CLANG_ENABLE_OBJC_ARC = YES;
				CLANG_ENABLE_OBJC_WEAK = YES;
				CLANG_WARN_BLOCK_CAPTURE_AUTORELEASING = YES;
				CLANG_WARN_BOOL_CONVERSION = YES;
				CLANG_WARN_COMMA = YES;
				CLANG_WARN_CONSTANT_CONVERSION = YES;
				CLANG_WARN_DEPRECATED_OBJC_IMPLEMENTATIONS = YES;
				CLANG_WARN_DIRECT_OBJC_ISA_USAGE = YES_ERROR;
				CLANG_WARN_DOCUMENTATION_COMMENTS = YES;
				CLANG_WARN_EMPTY_BODY = YES;
				CLANG_WARN_ENUM_CONVERSION = YES;
				CLANG_WARN_INFINITE_RECURSION = YES;
				CLANG_WARN_INT_CONVERSION = YES;
				CLANG_WARN_NON_LITERAL_NULL_CONVERSION = YES;
				CLANG_WARN_OBJC_IMPLICIT_RETAIN_SELF = YES;
				CLANG_WARN_OBJC_LITERAL_CONVERSION = YES;
				CLANG_WARN_OBJC_ROOT_CLASS = YES_ERROR;
				CLANG_WARN_QUOTED_INCLUDE_IN_FRAMEWORK_HEADER = YES;
				CLANG_WARN_RANGE_LOOP_ANALYSIS = YES;
				CLANG_WARN_STRICT_PROTOTYPES = YES;
				CLANG_WARN_SUSPICIOUS_MOVE = YES;
				CLANG_WARN_UNGUARDED_AVAILABILITY = YES_AGGRESSIVE;
				CLANG_WARN_UNREACHABLE_CODE = YES;
				CLANG_WARN__DUPLICATE_METHOD_MATCH = YES;
				COPY_PHASE_STRIP = NO;
				DEBUG_INFORMATION_FORMAT = dwarf;
				ENABLE_STRICT_OBJC_MSGSEND = YES;
				ENABLE_TESTABILITY = YES;
				ENABLE_USER_SCRIPT_SANDBOXING = YES;
				GCC_C_LANGUAGE_STANDARD = gnu17;
				GCC_DYNAMIC_NO_PIC = NO;
				GCC_NO_COMMON_BLOCKS = YES;
				GCC_OPTIMIZATION_LEVEL = 0;
				GCC_PREPROCESSOR_DEFINITIONS = (
					"DEBUG=1",
					"$(inherited)",
				);
				GCC_WARN_64_TO_32_BIT_CONVERSION = YES;
				GCC_WARN_ABOUT_RETURN_TYPE = YES_ERROR;
				GCC_WARN_UNDECLARED_SELECTOR = YES;
				GCC_WARN_UNINITIALIZED_AUTOS = YES_AGGRESSIVE;
				GCC_WARN_UNUSED_FUNCTION = YES;
				GCC_WARN_UNUSED_VARIABLE = YES;
				IPHONEOS_DEPLOYMENT_TARGET = 14.5;
				LOCALIZATION_PREFERS_STRING_CATALOGS = YES;
				MTL_ENABLE_DEBUG_INFO = INCLUDE_SOURCE;
				MTL_FAST_MATH = YES;
				ONLY_ACTIVE_ARCH = YES;
				SDKROOT = iphoneos;
			};
			name = Debug;
		};
		4A6D50592BAA7FE7008F7298 /* Release */ = {
			isa = XCBuildConfiguration;
			buildSettings = {
				ALWAYS_SEARCH_USER_PATHS = NO;
				ASSETCATALOG_COMPILER_GENERATE_SWIFT_ASSET_SYMBOL_EXTENSIONS = YES;
				CLANG_ANALYZER_NONNULL = YES;
				CLANG_ANALYZER_NUMBER_OBJECT_CONVERSION = YES_AGGRESSIVE;
				CLANG_CXX_LANGUAGE_STANDARD = "gnu++20";
				CLANG_ENABLE_MODULES = YES;
				CLANG_ENABLE_OBJC_ARC = YES;
				CLANG_ENABLE_OBJC_WEAK = YES;
				CLANG_WARN_BLOCK_CAPTURE_AUTORELEASING = YES;
				CLANG_WARN_BOOL_CONVERSION = YES;
				CLANG_WARN_COMMA = YES;
				CLANG_WARN_CONSTANT_CONVERSION = YES;
				CLANG_WARN_DEPRECATED_OBJC_IMPLEMENTATIONS = YES;
				CLANG_WARN_DIRECT_OBJC_ISA_USAGE = YES_ERROR;
				CLANG_WARN_DOCUMENTATION_COMMENTS = YES;
				CLANG_WARN_EMPTY_BODY = YES;
				CLANG_WARN_ENUM_CONVERSION = YES;
				CLANG_WARN_INFINITE_RECURSION = YES;
				CLANG_WARN_INT_CONVERSION = YES;
				CLANG_WARN_NON_LITERAL_NULL_CONVERSION = YES;
				CLANG_WARN_OBJC_IMPLICIT_RETAIN_SELF = YES;
				CLANG_WARN_OBJC_LITERAL_CONVERSION = YES;
				CLANG_WARN_OBJC_ROOT_CLASS = YES_ERROR;
				CLANG_WARN_QUOTED_INCLUDE_IN_FRAMEWORK_HEADER = YES;
				CLANG_WARN_RANGE_LOOP_ANALYSIS = YES;
				CLANG_WARN_STRICT_PROTOTYPES = YES;
				CLANG_WARN_SUSPICIOUS_MOVE = YES;
				CLANG_WARN_UNGUARDED_AVAILABILITY = YES_AGGRESSIVE;
				CLANG_WARN_UNREACHABLE_CODE = YES;
				CLANG_WARN__DUPLICATE_METHOD_MATCH = YES;
				COPY_PHASE_STRIP = NO;
				DEBUG_INFORMATION_FORMAT = "dwarf-with-dsym";
				ENABLE_NS_ASSERTIONS = NO;
				ENABLE_STRICT_OBJC_MSGSEND = YES;
				ENABLE_USER_SCRIPT_SANDBOXING = YES;
				GCC_C_LANGUAGE_STANDARD = gnu17;
				GCC_NO_COMMON_BLOCKS = YES;
				GCC_WARN_64_TO_32_BIT_CONVERSION = YES;
				GCC_WARN_ABOUT_RETURN_TYPE = YES_ERROR;
				GCC_WARN_UNDECLARED_SELECTOR = YES;
				GCC_WARN_UNINITIALIZED_AUTOS = YES_AGGRESSIVE;
				GCC_WARN_UNUSED_FUNCTION = YES;
				GCC_WARN_UNUSED_VARIABLE = YES;
				IPHONEOS_DEPLOYMENT_TARGET = 14.5;
				LOCALIZATION_PREFERS_STRING_CATALOGS = YES;
				MTL_ENABLE_DEBUG_INFO = NO;
				MTL_FAST_MATH = YES;
				SDKROOT = iphoneos;
				VALIDATE_PRODUCT = YES;
			};
			name = Release;
		};
		4A6D505B2BAA7FE7008F7298 /* Debug */ = {
			isa = XCBuildConfiguration;
			baseConfigurationReference = 371372246D8F2C8610E2581F /* Pods-Trove.debug.xcconfig */;
			buildSettings = {
				ASSETCATALOG_COMPILER_APPICON_NAME = AppIcon;
				ASSETCATALOG_COMPILER_GLOBAL_ACCENT_COLOR_NAME = AccentColor;
				CODE_SIGN_STYLE = Automatic;
				CURRENT_PROJECT_VERSION = 1;
				DEVELOPMENT_TEAM = UJ88QM73VP;
				ENABLE_USER_SCRIPT_SANDBOXING = NO;
				GENERATE_INFOPLIST_FILE = YES;
				INFOPLIST_FILE = Trove/Info.plist;
				INFOPLIST_KEY_UIApplicationSupportsIndirectInputEvents = YES;
				INFOPLIST_KEY_UILaunchStoryboardName = LaunchScreen;
				INFOPLIST_KEY_UIMainStoryboardFile = "";
				INFOPLIST_KEY_UISupportedInterfaceOrientations = UIInterfaceOrientationPortrait;
				IPHONEOS_DEPLOYMENT_TARGET = 14.5;
				LD_RUNPATH_SEARCH_PATHS = (
					"$(inherited)",
					"@executable_path/Frameworks",
				);
				MARKETING_VERSION = 1.0;
				PRODUCT_BUNDLE_IDENTIFIER = com.rachel.wangyuqing.Trove;
				PRODUCT_NAME = "$(TARGET_NAME)";
				SWIFT_EMIT_LOC_STRINGS = YES;
				TARGETED_DEVICE_FAMILY = "1,2";
			};
			name = Debug;
		};
		4A6D505C2BAA7FE7008F7298 /* Release */ = {
			isa = XCBuildConfiguration;
			baseConfigurationReference = DFB9B7F7E7B2E3BD573B0345 /* Pods-Trove.release.xcconfig */;
			buildSettings = {
				ASSETCATALOG_COMPILER_APPICON_NAME = AppIcon;
				ASSETCATALOG_COMPILER_GLOBAL_ACCENT_COLOR_NAME = AccentColor;
				CODE_SIGN_STYLE = Automatic;
				CURRENT_PROJECT_VERSION = 1;
				DEVELOPMENT_TEAM = UJ88QM73VP;
				ENABLE_USER_SCRIPT_SANDBOXING = NO;
				GENERATE_INFOPLIST_FILE = YES;
				INFOPLIST_FILE = Trove/Info.plist;
				INFOPLIST_KEY_UIApplicationSupportsIndirectInputEvents = YES;
				INFOPLIST_KEY_UILaunchStoryboardName = LaunchScreen;
				INFOPLIST_KEY_UIMainStoryboardFile = "";
				INFOPLIST_KEY_UISupportedInterfaceOrientations = UIInterfaceOrientationPortrait;
				IPHONEOS_DEPLOYMENT_TARGET = 14.5;
				LD_RUNPATH_SEARCH_PATHS = (
					"$(inherited)",
					"@executable_path/Frameworks",
				);
				MARKETING_VERSION = 1.0;
				PRODUCT_BUNDLE_IDENTIFIER = com.rachel.wangyuqing.Trove;
				PRODUCT_NAME = "$(TARGET_NAME)";
				SWIFT_EMIT_LOC_STRINGS = YES;
				TARGETED_DEVICE_FAMILY = "1,2";
			};
			name = Release;
		};
/* End XCBuildConfiguration section */

/* Begin XCConfigurationList section */
		4A6D503C2BAA7FE3008F7298 /* Build configuration list for PBXProject "Trove" */ = {
			isa = XCConfigurationList;
			buildConfigurations = (
				4A6D50582BAA7FE7008F7298 /* Debug */,
				4A6D50592BAA7FE7008F7298 /* Release */,
			);
			defaultConfigurationIsVisible = 0;
			defaultConfigurationName = Release;
		};
		4A6D505A2BAA7FE7008F7298 /* Build configuration list for PBXNativeTarget "Trove" */ = {
			isa = XCConfigurationList;
			buildConfigurations = (
				4A6D505B2BAA7FE7008F7298 /* Debug */,
				4A6D505C2BAA7FE7008F7298 /* Release */,
			);
			defaultConfigurationIsVisible = 0;
			defaultConfigurationName = Release;
		};
/* End XCConfigurationList section */
	};
	rootObject = 4A6D50392BAA7FE3008F7298 /* Project object */;
}
